// !$*UTF8*$!
{
	archiveVersion = 1;
	classes = {
	};
	objectVersion = 56;
	objects = {

/* Begin PBXBuildFile section */
		662CD1E12CCE5B8300464A71 /* FirebaseAnalyticsWithoutAdIdSupport in Frameworks */ = {isa = PBXBuildFile; productRef = 662CD1E02CCE5B8300464A71 /* FirebaseAnalyticsWithoutAdIdSupport */; };
		662CD1E32CCE5B8300464A71 /* FirebaseFirestore in Frameworks */ = {isa = PBXBuildFile; productRef = 662CD1E22CCE5B8300464A71 /* FirebaseFirestore */; };
		662CD1E52CCE5FF900464A71 /* GoogleService-Info.plist in Resources */ = {isa = PBXBuildFile; fileRef = 662CD1E42CCE5FF900464A71 /* GoogleService-Info.plist */; };
		662CD1E72CCE677700464A71 /* Products.swift in Sources */ = {isa = PBXBuildFile; fileRef = 662CD1E62CCE677700464A71 /* Products.swift */; };
		E604043C2BFF7E5300689394 /* TabBarController.swift in Sources */ = {isa = PBXBuildFile; fileRef = E604043B2BFF7E5300689394 /* TabBarController.swift */; };
		E604043E2BFF7E9C00689394 /* CartViewController.swift in Sources */ = {isa = PBXBuildFile; fileRef = E604043D2BFF7E9C00689394 /* CartViewController.swift */; };
		E60F49002C24177600614146 /* SaleCollectionView.swift in Sources */ = {isa = PBXBuildFile; fileRef = E60F48FF2C24177600614146 /* SaleCollectionView.swift */; };
		E60F49022C24195800614146 /* SaleCollectionViewCell.swift in Sources */ = {isa = PBXBuildFile; fileRef = E60F49012C24195800614146 /* SaleCollectionViewCell.swift */; };
		E6127B5E2BF5EC930080096F /* AppDelegate.swift in Sources */ = {isa = PBXBuildFile; fileRef = E6127B5D2BF5EC930080096F /* AppDelegate.swift */; };
		E6127B602BF5EC930080096F /* SceneDelegate.swift in Sources */ = {isa = PBXBuildFile; fileRef = E6127B5F2BF5EC930080096F /* SceneDelegate.swift */; };
		E6127B622BF5EC930080096F /* MainViewController.swift in Sources */ = {isa = PBXBuildFile; fileRef = E6127B612BF5EC930080096F /* MainViewController.swift */; };
		E6127B652BF5EC930080096F /* Main.storyboard in Resources */ = {isa = PBXBuildFile; fileRef = E6127B632BF5EC930080096F /* Main.storyboard */; };
		E6127B672BF5EC970080096F /* Assets.xcassets in Resources */ = {isa = PBXBuildFile; fileRef = E6127B662BF5EC970080096F /* Assets.xcassets */; };
		E6127B6A2BF5EC970080096F /* LaunchScreen.storyboard in Resources */ = {isa = PBXBuildFile; fileRef = E6127B682BF5EC970080096F /* LaunchScreen.storyboard */; };
		E6127B722BF601160080096F /* MenuCollectionView.swift in Sources */ = {isa = PBXBuildFile; fileRef = E6127B712BF601160080096F /* MenuCollectionView.swift */; };
		E6127B772BF606BB0080096F /* MenuCollectionViewCell.swift in Sources */ = {isa = PBXBuildFile; fileRef = E6127B762BF606BB0080096F /* MenuCollectionViewCell.swift */; };
		E630F5F32BF772A5002092A6 /* ProductsTableViewCell.swift in Sources */ = {isa = PBXBuildFile; fileRef = E630F5F22BF772A5002092A6 /* ProductsTableViewCell.swift */; };
		E65FF7272C53D25B00EE15D8 /* Menu.swift in Sources */ = {isa = PBXBuildFile; fileRef = E65FF7262C53D25B00EE15D8 /* Menu.swift */; };
		E66259592BFB7164000CB80E /* DetailProductViewController.swift in Sources */ = {isa = PBXBuildFile; fileRef = E66259582BFB7164000CB80E /* DetailProductViewController.swift */; };
		E686E0362C8858130084A3AC /* ExtensionsMainVC.swift in Sources */ = {isa = PBXBuildFile; fileRef = E686E0352C8858130084A3AC /* ExtensionsMainVC.swift */; };
		E68F4D1B2C1B22FC0063EE30 /* LaunchScreen.swift in Sources */ = {isa = PBXBuildFile; fileRef = E68F4D1A2C1B22FC0063EE30 /* LaunchScreen.swift */; };
		E6C138602C63A067001EF4A0 /* CartTableViewCell.swift in Sources */ = {isa = PBXBuildFile; fileRef = E6C1385F2C63A067001EF4A0 /* CartTableViewCell.swift */; };
/* End PBXBuildFile section */

/* Begin PBXFileReference section */
		662CD1E42CCE5FF900464A71 /* GoogleService-Info.plist */ = {isa = PBXFileReference; lastKnownFileType = text.plist.xml; path = "GoogleService-Info.plist"; sourceTree = "<group>"; };
		662CD1E62CCE677700464A71 /* Products.swift */ = {isa = PBXFileReference; lastKnownFileType = sourcecode.swift; path = Products.swift; sourceTree = "<group>"; };
		E604043B2BFF7E5300689394 /* TabBarController.swift */ = {isa = PBXFileReference; lastKnownFileType = sourcecode.swift; path = TabBarController.swift; sourceTree = "<group>"; };
		E604043D2BFF7E9C00689394 /* CartViewController.swift */ = {isa = PBXFileReference; lastKnownFileType = sourcecode.swift; path = CartViewController.swift; sourceTree = "<group>"; };
		E60F48FF2C24177600614146 /* SaleCollectionView.swift */ = {isa = PBXFileReference; lastKnownFileType = sourcecode.swift; path = SaleCollectionView.swift; sourceTree = "<group>"; };
		E60F49012C24195800614146 /* SaleCollectionViewCell.swift */ = {isa = PBXFileReference; lastKnownFileType = sourcecode.swift; path = SaleCollectionViewCell.swift; sourceTree = "<group>"; };
		E6127B5A2BF5EC930080096F /* Pirogov.app */ = {isa = PBXFileReference; explicitFileType = wrapper.application; includeInIndex = 0; path = Pirogov.app; sourceTree = BUILT_PRODUCTS_DIR; };
		E6127B5D2BF5EC930080096F /* AppDelegate.swift */ = {isa = PBXFileReference; lastKnownFileType = sourcecode.swift; path = AppDelegate.swift; sourceTree = "<group>"; };
		E6127B5F2BF5EC930080096F /* SceneDelegate.swift */ = {isa = PBXFileReference; lastKnownFileType = sourcecode.swift; path = SceneDelegate.swift; sourceTree = "<group>"; };
		E6127B612BF5EC930080096F /* MainViewController.swift */ = {isa = PBXFileReference; lastKnownFileType = sourcecode.swift; path = MainViewController.swift; sourceTree = "<group>"; };
		E6127B642BF5EC930080096F /* Base */ = {isa = PBXFileReference; lastKnownFileType = file.storyboard; name = Base; path = Base.lproj/Main.storyboard; sourceTree = "<group>"; };
		E6127B662BF5EC970080096F /* Assets.xcassets */ = {isa = PBXFileReference; lastKnownFileType = folder.assetcatalog; path = Assets.xcassets; sourceTree = "<group>"; };
		E6127B692BF5EC970080096F /* Base */ = {isa = PBXFileReference; lastKnownFileType = file.storyboard; name = Base; path = Base.lproj/LaunchScreen.storyboard; sourceTree = "<group>"; };
		E6127B6B2BF5EC970080096F /* Info.plist */ = {isa = PBXFileReference; lastKnownFileType = text.plist.xml; path = Info.plist; sourceTree = "<group>"; };
		E6127B712BF601160080096F /* MenuCollectionView.swift */ = {isa = PBXFileReference; lastKnownFileType = sourcecode.swift; path = MenuCollectionView.swift; sourceTree = "<group>"; };
		E6127B762BF606BB0080096F /* MenuCollectionViewCell.swift */ = {isa = PBXFileReference; lastKnownFileType = sourcecode.swift; path = MenuCollectionViewCell.swift; sourceTree = "<group>"; };
		E630F5F22BF772A5002092A6 /* ProductsTableViewCell.swift */ = {isa = PBXFileReference; lastKnownFileType = sourcecode.swift; path = ProductsTableViewCell.swift; sourceTree = "<group>"; };
		E65FF7262C53D25B00EE15D8 /* Menu.swift */ = {isa = PBXFileReference; lastKnownFileType = sourcecode.swift; path = Menu.swift; sourceTree = "<group>"; };
		E66259582BFB7164000CB80E /* DetailProductViewController.swift */ = {isa = PBXFileReference; lastKnownFileType = sourcecode.swift; path = DetailProductViewController.swift; sourceTree = "<group>"; };
		E686E0352C8858130084A3AC /* ExtensionsMainVC.swift */ = {isa = PBXFileReference; lastKnownFileType = sourcecode.swift; path = ExtensionsMainVC.swift; sourceTree = "<group>"; };
		E68F4D1A2C1B22FC0063EE30 /* LaunchScreen.swift */ = {isa = PBXFileReference; lastKnownFileType = sourcecode.swift; path = LaunchScreen.swift; sourceTree = "<group>"; };
		E6C1385F2C63A067001EF4A0 /* CartTableViewCell.swift */ = {isa = PBXFileReference; lastKnownFileType = sourcecode.swift; path = CartTableViewCell.swift; sourceTree = "<group>"; };
/* End PBXFileReference section */

/* Begin PBXFrameworksBuildPhase section */
		E6127B572BF5EC930080096F /* Frameworks */ = {
			isa = PBXFrameworksBuildPhase;
			buildActionMask = 2147483647;
			files = (
				662CD1E12CCE5B8300464A71 /* FirebaseAnalyticsWithoutAdIdSupport in Frameworks */,
				662CD1E32CCE5B8300464A71 /* FirebaseFirestore in Frameworks */,
			);
			runOnlyForDeploymentPostprocessing = 0;
		};
/* End PBXFrameworksBuildPhase section */

/* Begin PBXGroup section */
		E60F48FD2C24170E00614146 /* Sale */ = {
			isa = PBXGroup;
			children = (
				E60F48FF2C24177600614146 /* SaleCollectionView.swift */,
				E60F49012C24195800614146 /* SaleCollectionViewCell.swift */,
			);
			path = Sale;
			sourceTree = "<group>";
		};
		E60F48FE2C24172500614146 /* Controllers */ = {
			isa = PBXGroup;
			children = (
				E68F4D1A2C1B22FC0063EE30 /* LaunchScreen.swift */,
				E6127B612BF5EC930080096F /* MainViewController.swift */,
				E686E0352C8858130084A3AC /* ExtensionsMainVC.swift */,
				E604043B2BFF7E5300689394 /* TabBarController.swift */,
			);
			path = Controllers;
			sourceTree = "<group>";
		};
		E6127B512BF5EC930080096F = {
			isa = PBXGroup;
			children = (
				E6127B5C2BF5EC930080096F /* Pirogov */,
				E6127B5B2BF5EC930080096F /* Products */,
			);
			sourceTree = "<group>";
		};
		E6127B5B2BF5EC930080096F /* Products */ = {
			isa = PBXGroup;
			children = (
				E6127B5A2BF5EC930080096F /* Pirogov.app */,
			);
			name = Products;
			sourceTree = "<group>";
		};
		E6127B5C2BF5EC930080096F /* Pirogov */ = {
			isa = PBXGroup;
			children = (
				E6127B5D2BF5EC930080096F /* AppDelegate.swift */,
				E6127B5F2BF5EC930080096F /* SceneDelegate.swift */,
				E60F48FE2C24172500614146 /* Controllers */,
				E662595A2BFB717A000CB80E /* DetailProduct */,
				E696A1B12C08B6F100F4F999 /* Cart */,
				E60F48FD2C24170E00614146 /* Sale */,
				E66259572BFB7114000CB80E /* Menu */,
				E6127B732BF603790080096F /* Models */,
				E6127B662BF5EC970080096F /* Assets.xcassets */,
				E6127B682BF5EC970080096F /* LaunchScreen.storyboard */,
				E6127B632BF5EC930080096F /* Main.storyboard */,
				E6127B6B2BF5EC970080096F /* Info.plist */,
				662CD1E42CCE5FF900464A71 /* GoogleService-Info.plist */,
			);
			path = Pirogov;
			sourceTree = "<group>";
		};
		E6127B732BF603790080096F /* Models */ = {
			isa = PBXGroup;
			children = (
				E65FF7262C53D25B00EE15D8 /* Menu.swift */,
				662CD1E62CCE677700464A71 /* Products.swift */,
			);
			path = Models;
			sourceTree = "<group>";
		};
		E66259572BFB7114000CB80E /* Menu */ = {
			isa = PBXGroup;
			children = (
				E6127B712BF601160080096F /* MenuCollectionView.swift */,
				E6127B762BF606BB0080096F /* MenuCollectionViewCell.swift */,
				E630F5F22BF772A5002092A6 /* ProductsTableViewCell.swift */,
			);
			path = Menu;
			sourceTree = "<group>";
		};
		E662595A2BFB717A000CB80E /* DetailProduct */ = {
			isa = PBXGroup;
			children = (
				E66259582BFB7164000CB80E /* DetailProductViewController.swift */,
			);
			path = DetailProduct;
			sourceTree = "<group>";
		};
		E696A1B12C08B6F100F4F999 /* Cart */ = {
			isa = PBXGroup;
			children = (
				E604043D2BFF7E9C00689394 /* CartViewController.swift */,
				E6C1385F2C63A067001EF4A0 /* CartTableViewCell.swift */,
			);
			path = Cart;
			sourceTree = "<group>";
		};
/* End PBXGroup section */

/* Begin PBXNativeTarget section */
		E6127B592BF5EC930080096F /* Pirogov */ = {
			isa = PBXNativeTarget;
			buildConfigurationList = E6127B6E2BF5EC970080096F /* Build configuration list for PBXNativeTarget "Pirogov" */;
			buildPhases = (
				E6127B562BF5EC930080096F /* Sources */,
				E6127B572BF5EC930080096F /* Frameworks */,
				E6127B582BF5EC930080096F /* Resources */,
			);
			buildRules = (
			);
			dependencies = (
			);
			name = Pirogov;
			productName = Pirogov;
			productReference = E6127B5A2BF5EC930080096F /* Pirogov.app */;
			productType = "com.apple.product-type.application";
		};
/* End PBXNativeTarget section */

/* Begin PBXProject section */
		E6127B522BF5EC930080096F /* Project object */ = {
			isa = PBXProject;
			attributes = {
				BuildIndependentTargetsInParallel = 1;
				LastSwiftUpdateCheck = 1520;
				LastUpgradeCheck = 1520;
				TargetAttributes = {
					E6127B592BF5EC930080096F = {
						CreatedOnToolsVersion = 15.2;
					};
				};
			};
			buildConfigurationList = E6127B552BF5EC930080096F /* Build configuration list for PBXProject "Pirogov" */;
			compatibilityVersion = "Xcode 14.0";
			developmentRegion = en;
			hasScannedForEncodings = 0;
			knownRegions = (
				en,
				Base,
			);
			mainGroup = E6127B512BF5EC930080096F;
			packageReferences = (
				662CD1DF2CCE5B8300464A71 /* XCRemoteSwiftPackageReference "firebase-ios-sdk" */,
			);
			productRefGroup = E6127B5B2BF5EC930080096F /* Products */;
			projectDirPath = "";
			projectRoot = "";
			targets = (
				E6127B592BF5EC930080096F /* Pirogov */,
			);
		};
/* End PBXProject section */

/* Begin PBXResourcesBuildPhase section */
		E6127B582BF5EC930080096F /* Resources */ = {
			isa = PBXResourcesBuildPhase;
			buildActionMask = 2147483647;
			files = (
				E6127B6A2BF5EC970080096F /* LaunchScreen.storyboard in Resources */,
				662CD1E52CCE5FF900464A71 /* GoogleService-Info.plist in Resources */,
				E6127B672BF5EC970080096F /* Assets.xcassets in Resources */,
				E6127B652BF5EC930080096F /* Main.storyboard in Resources */,
			);
			runOnlyForDeploymentPostprocessing = 0;
		};
/* End PBXResourcesBuildPhase section */

/* Begin PBXSourcesBuildPhase section */
		E6127B562BF5EC930080096F /* Sources */ = {
			isa = PBXSourcesBuildPhase;
			buildActionMask = 2147483647;
			files = (
				E68F4D1B2C1B22FC0063EE30 /* LaunchScreen.swift in Sources */,
				E6127B622BF5EC930080096F /* MainViewController.swift in Sources */,
				E6127B5E2BF5EC930080096F /* AppDelegate.swift in Sources */,
				E604043C2BFF7E5300689394 /* TabBarController.swift in Sources */,
				E630F5F32BF772A5002092A6 /* ProductsTableViewCell.swift in Sources */,
				662CD1E72CCE677700464A71 /* Products.swift in Sources */,
				E60F49002C24177600614146 /* SaleCollectionView.swift in Sources */,
				E604043E2BFF7E9C00689394 /* CartViewController.swift in Sources */,
				E6127B602BF5EC930080096F /* SceneDelegate.swift in Sources */,
				E6127B722BF601160080096F /* MenuCollectionView.swift in Sources */,
				E60F49022C24195800614146 /* SaleCollectionViewCell.swift in Sources */,
				E66259592BFB7164000CB80E /* DetailProductViewController.swift in Sources */,
				E65FF7272C53D25B00EE15D8 /* Menu.swift in Sources */,
				E6127B772BF606BB0080096F /* MenuCollectionViewCell.swift in Sources */,
				E6C138602C63A067001EF4A0 /* CartTableViewCell.swift in Sources */,
				E686E0362C8858130084A3AC /* ExtensionsMainVC.swift in Sources */,
			);
			runOnlyForDeploymentPostprocessing = 0;
		};
/* End PBXSourcesBuildPhase section */

/* Begin PBXVariantGroup section */
		E6127B632BF5EC930080096F /* Main.storyboard */ = {
			isa = PBXVariantGroup;
			children = (
				E6127B642BF5EC930080096F /* Base */,
			);
			name = Main.storyboard;
			sourceTree = "<group>";
		};
		E6127B682BF5EC970080096F /* LaunchScreen.storyboard */ = {
			isa = PBXVariantGroup;
			children = (
				E6127B692BF5EC970080096F /* Base */,
			);
			name = LaunchScreen.storyboard;
			sourceTree = "<group>";
		};
/* End PBXVariantGroup section */

/* Begin XCBuildConfiguration section */
		E6127B6C2BF5EC970080096F /* Debug */ = {
			isa = XCBuildConfiguration;
			buildSettings = {
				ALWAYS_SEARCH_USER_PATHS = NO;
				ASSETCATALOG_COMPILER_GENERATE_SWIFT_ASSET_SYMBOL_EXTENSIONS = YES;
				CLANG_ANALYZER_NONNULL = YES;
				CLANG_ANALYZER_NUMBER_OBJECT_CONVERSION = YES_AGGRESSIVE;
				CLANG_CXX_LANGUAGE_STANDARD = "gnu++20";
				CLANG_ENABLE_MODULES = YES;
				CLANG_ENABLE_OBJC_ARC = YES;
				CLANG_ENABLE_OBJC_WEAK = YES;
				CLANG_WARN_BLOCK_CAPTURE_AUTORELEASING = YES;
				CLANG_WARN_BOOL_CONVERSION = YES;
				CLANG_WARN_COMMA = YES;
				CLANG_WARN_CONSTANT_CONVERSION = YES;
				CLANG_WARN_DEPRECATED_OBJC_IMPLEMENTATIONS = YES;
				CLANG_WARN_DIRECT_OBJC_ISA_USAGE = YES_ERROR;
				CLANG_WARN_DOCUMENTATION_COMMENTS = YES;
				CLANG_WARN_EMPTY_BODY = YES;
				CLANG_WARN_ENUM_CONVERSION = YES;
				CLANG_WARN_INFINITE_RECURSION = YES;
				CLANG_WARN_INT_CONVERSION = YES;
				CLANG_WARN_NON_LITERAL_NULL_CONVERSION = YES;
				CLANG_WARN_OBJC_IMPLICIT_RETAIN_SELF = YES;
				CLANG_WARN_OBJC_LITERAL_CONVERSION = YES;
				CLANG_WARN_OBJC_ROOT_CLASS = YES_ERROR;
				CLANG_WARN_QUOTED_INCLUDE_IN_FRAMEWORK_HEADER = YES;
				CLANG_WARN_RANGE_LOOP_ANALYSIS = YES;
				CLANG_WARN_STRICT_PROTOTYPES = YES;
				CLANG_WARN_SUSPICIOUS_MOVE = YES;
				CLANG_WARN_UNGUARDED_AVAILABILITY = YES_AGGRESSIVE;
				CLANG_WARN_UNREACHABLE_CODE = YES;
				CLANG_WARN__DUPLICATE_METHOD_MATCH = YES;
				COPY_PHASE_STRIP = NO;
				DEBUG_INFORMATION_FORMAT = dwarf;
				ENABLE_STRICT_OBJC_MSGSEND = YES;
				ENABLE_TESTABILITY = YES;
				ENABLE_USER_SCRIPT_SANDBOXING = YES;
				GCC_C_LANGUAGE_STANDARD = gnu17;
				GCC_DYNAMIC_NO_PIC = NO;
				GCC_NO_COMMON_BLOCKS = YES;
				GCC_OPTIMIZATION_LEVEL = 0;
				GCC_PREPROCESSOR_DEFINITIONS = (
					"DEBUG=1",
					"$(inherited)",
				);
				GCC_WARN_64_TO_32_BIT_CONVERSION = YES;
				GCC_WARN_ABOUT_RETURN_TYPE = YES_ERROR;
				GCC_WARN_UNDECLARED_SELECTOR = YES;
				GCC_WARN_UNINITIALIZED_AUTOS = YES_AGGRESSIVE;
				GCC_WARN_UNUSED_FUNCTION = YES;
				GCC_WARN_UNUSED_VARIABLE = YES;
				IPHONEOS_DEPLOYMENT_TARGET = 17.2;
				LOCALIZATION_PREFERS_STRING_CATALOGS = YES;
				MTL_ENABLE_DEBUG_INFO = INCLUDE_SOURCE;
				MTL_FAST_MATH = YES;
				ONLY_ACTIVE_ARCH = YES;
				SDKROOT = iphoneos;
				SWIFT_ACTIVE_COMPILATION_CONDITIONS = "DEBUG $(inherited)";
				SWIFT_OPTIMIZATION_LEVEL = "-Onone";
			};
			name = Debug;
		};
		E6127B6D2BF5EC970080096F /* Release */ = {
			isa = XCBuildConfiguration;
			buildSettings = {
				ALWAYS_SEARCH_USER_PATHS = NO;
				ASSETCATALOG_COMPILER_GENERATE_SWIFT_ASSET_SYMBOL_EXTENSIONS = YES;
				CLANG_ANALYZER_NONNULL = YES;
				CLANG_ANALYZER_NUMBER_OBJECT_CONVERSION = YES_AGGRESSIVE;
				CLANG_CXX_LANGUAGE_STANDARD = "gnu++20";
				CLANG_ENABLE_MODULES = YES;
				CLANG_ENABLE_OBJC_ARC = YES;
				CLANG_ENABLE_OBJC_WEAK = YES;
				CLANG_WARN_BLOCK_CAPTURE_AUTORELEASING = YES;
				CLANG_WARN_BOOL_CONVERSION = YES;
				CLANG_WARN_COMMA = YES;
				CLANG_WARN_CONSTANT_CONVERSION = YES;
				CLANG_WARN_DEPRECATED_OBJC_IMPLEMENTATIONS = YES;
				CLANG_WARN_DIRECT_OBJC_ISA_USAGE = YES_ERROR;
				CLANG_WARN_DOCUMENTATION_COMMENTS = YES;
				CLANG_WARN_EMPTY_BODY = YES;
				CLANG_WARN_ENUM_CONVERSION = YES;
				CLANG_WARN_INFINITE_RECURSION = YES;
				CLANG_WARN_INT_CONVERSION = YES;
				CLANG_WARN_NON_LITERAL_NULL_CONVERSION = YES;
				CLANG_WARN_OBJC_IMPLICIT_RETAIN_SELF = YES;
				CLANG_WARN_OBJC_LITERAL_CONVERSION = YES;
				CLANG_WARN_OBJC_ROOT_CLASS = YES_ERROR;
				CLANG_WARN_QUOTED_INCLUDE_IN_FRAMEWORK_HEADER = YES;
				CLANG_WARN_RANGE_LOOP_ANALYSIS = YES;
				CLANG_WARN_STRICT_PROTOTYPES = YES;
				CLANG_WARN_SUSPICIOUS_MOVE = YES;
				CLANG_WARN_UNGUARDED_AVAILABILITY = YES_AGGRESSIVE;
				CLANG_WARN_UNREACHABLE_CODE = YES;
				CLANG_WARN__DUPLICATE_METHOD_MATCH = YES;
				COPY_PHASE_STRIP = NO;
				DEBUG_INFORMATION_FORMAT = "dwarf-with-dsym";
				ENABLE_NS_ASSERTIONS = NO;
				ENABLE_STRICT_OBJC_MSGSEND = YES;
				ENABLE_USER_SCRIPT_SANDBOXING = YES;
				GCC_C_LANGUAGE_STANDARD = gnu17;
				GCC_NO_COMMON_BLOCKS = YES;
				GCC_WARN_64_TO_32_BIT_CONVERSION = YES;
				GCC_WARN_ABOUT_RETURN_TYPE = YES_ERROR;
				GCC_WARN_UNDECLARED_SELECTOR = YES;
				GCC_WARN_UNINITIALIZED_AUTOS = YES_AGGRESSIVE;
				GCC_WARN_UNUSED_FUNCTION = YES;
				GCC_WARN_UNUSED_VARIABLE = YES;
				IPHONEOS_DEPLOYMENT_TARGET = 17.2;
				LOCALIZATION_PREFERS_STRING_CATALOGS = YES;
				MTL_ENABLE_DEBUG_INFO = NO;
				MTL_FAST_MATH = YES;
				SDKROOT = iphoneos;
				SWIFT_COMPILATION_MODE = wholemodule;
				VALIDATE_PRODUCT = YES;
			};
			name = Release;
		};
		E6127B6F2BF5EC970080096F /* Debug */ = {
			isa = XCBuildConfiguration;
			buildSettings = {
				ASSETCATALOG_COMPILER_APPICON_NAME = AppIcon;
				ASSETCATALOG_COMPILER_GLOBAL_ACCENT_COLOR_NAME = AccentColor;
				CODE_SIGN_STYLE = Automatic;
				CURRENT_PROJECT_VERSION = 1;
				DEVELOPMENT_TEAM = RDUKAUVKAW;
				GENERATE_INFOPLIST_FILE = YES;
				INFOPLIST_FILE = Pirogov/Info.plist;
				INFOPLIST_KEY_UIApplicationSupportsIndirectInputEvents = YES;
				INFOPLIST_KEY_UILaunchStoryboardName = LaunchScreen;
				INFOPLIST_KEY_UIMainStoryboardFile = Main;
				INFOPLIST_KEY_UISupportedInterfaceOrientations = UIInterfaceOrientationPortrait;
				IPHONEOS_DEPLOYMENT_TARGET = 15.0;
				LD_RUNPATH_SEARCH_PATHS = (
					"$(inherited)",
					"@executable_path/Frameworks",
				);
				MARKETING_VERSION = 1.0;
				PRODUCT_BUNDLE_IDENTIFIER = xxx.swiftme.Pirogov;
				PRODUCT_NAME = "$(TARGET_NAME)";
				SUPPORTED_PLATFORMS = "iphoneos iphonesimulator";
				SUPPORTS_MACCATALYST = NO;
				SUPPORTS_MAC_DESIGNED_FOR_IPHONE_IPAD = NO;
				SUPPORTS_XR_DESIGNED_FOR_IPHONE_IPAD = NO;
				SWIFT_EMIT_LOC_STRINGS = YES;
				SWIFT_VERSION = 5.0;
				TARGETED_DEVICE_FAMILY = 1;
			};
			name = Debug;
		};
		E6127B702BF5EC970080096F /* Release */ = {
			isa = XCBuildConfiguration;
			buildSettings = {
				ASSETCATALOG_COMPILER_APPICON_NAME = AppIcon;
				ASSETCATALOG_COMPILER_GLOBAL_ACCENT_COLOR_NAME = AccentColor;
				CODE_SIGN_STYLE = Automatic;
				CURRENT_PROJECT_VERSION = 1;
				DEVELOPMENT_TEAM = RDUKAUVKAW;
				GENERATE_INFOPLIST_FILE = YES;
				INFOPLIST_FILE = Pirogov/Info.plist;
				INFOPLIST_KEY_UIApplicationSupportsIndirectInputEvents = YES;
				INFOPLIST_KEY_UILaunchStoryboardName = LaunchScreen;
				INFOPLIST_KEY_UIMainStoryboardFile = Main;
				INFOPLIST_KEY_UISupportedInterfaceOrientations = UIInterfaceOrientationPortrait;
				IPHONEOS_DEPLOYMENT_TARGET = 15.0;
				LD_RUNPATH_SEARCH_PATHS = (
					"$(inherited)",
					"@executable_path/Frameworks",
				);
				MARKETING_VERSION = 1.0;
				PRODUCT_BUNDLE_IDENTIFIER = xxx.swiftme.Pirogov;
				PRODUCT_NAME = "$(TARGET_NAME)";
				SUPPORTED_PLATFORMS = "iphoneos iphonesimulator";
				SUPPORTS_MACCATALYST = NO;
				SUPPORTS_MAC_DESIGNED_FOR_IPHONE_IPAD = NO;
				SUPPORTS_XR_DESIGNED_FOR_IPHONE_IPAD = NO;
				SWIFT_EMIT_LOC_STRINGS = YES;
				SWIFT_VERSION = 5.0;
				TARGETED_DEVICE_FAMILY = 1;
			};
			name = Release;
		};
/* End XCBuildConfiguration section */

/* Begin XCConfigurationList section */
		E6127B552BF5EC930080096F /* Build configuration list for PBXProject "Pirogov" */ = {
			isa = XCConfigurationList;
			buildConfigurations = (
				E6127B6C2BF5EC970080096F /* Debug */,
				E6127B6D2BF5EC970080096F /* Release */,
			);
			defaultConfigurationIsVisible = 0;
			defaultConfigurationName = Release;
		};
		E6127B6E2BF5EC970080096F /* Build configuration list for PBXNativeTarget "Pirogov" */ = {
			isa = XCConfigurationList;
			buildConfigurations = (
				E6127B6F2BF5EC970080096F /* Debug */,
				E6127B702BF5EC970080096F /* Release */,
			);
			defaultConfigurationIsVisible = 0;
			defaultConfigurationName = Release;
		};
/* End XCConfigurationList section */

/* Begin XCRemoteSwiftPackageReference section */
		662CD1DF2CCE5B8300464A71 /* XCRemoteSwiftPackageReference "firebase-ios-sdk" */ = {
			isa = XCRemoteSwiftPackageReference;
			repositoryURL = "https://github.com/firebase/firebase-ios-sdk";
			requirement = {
				kind = upToNextMajorVersion;
				minimumVersion = 11.4.0;
			};
		};
/* End XCRemoteSwiftPackageReference section */

/* Begin XCSwiftPackageProductDependency section */
		662CD1E02CCE5B8300464A71 /* FirebaseAnalyticsWithoutAdIdSupport */ = {
			isa = XCSwiftPackageProductDependency;
			package = 662CD1DF2CCE5B8300464A71 /* XCRemoteSwiftPackageReference "firebase-ios-sdk" */;
			productName = FirebaseAnalyticsWithoutAdIdSupport;
		};
		662CD1E22CCE5B8300464A71 /* FirebaseFirestore */ = {
			isa = XCSwiftPackageProductDependency;
			package = 662CD1DF2CCE5B8300464A71 /* XCRemoteSwiftPackageReference "firebase-ios-sdk" */;
			productName = FirebaseFirestore;
		};
/* End XCSwiftPackageProductDependency section */
	};
	rootObject = E6127B522BF5EC930080096F /* Project object */;
}
